// !$*UTF8*$!
{
	archiveVersion = 1;
	classes = {
	};
	objectVersion = 50;
	objects = {

/* Begin PBXBuildFile section */
		ADCD89872101BDDA00D4809A /* AppDelegate.swift in Sources */ = {isa = PBXBuildFile; fileRef = ADCD89862101BDDA00D4809A /* AppDelegate.swift */; };
		ADCD89892101BDDA00D4809A /* ViewController.swift in Sources */ = {isa = PBXBuildFile; fileRef = ADCD89882101BDDA00D4809A /* ViewController.swift */; };
		ADCD898C2101BDDA00D4809A /* Main.storyboard in Resources */ = {isa = PBXBuildFile; fileRef = ADCD898A2101BDDA00D4809A /* Main.storyboard */; };
		ADCD898E2101BDE000D4809A /* Assets.xcassets in Resources */ = {isa = PBXBuildFile; fileRef = ADCD898D2101BDE000D4809A /* Assets.xcassets */; };
		ADCD89912101BDE000D4809A /* LaunchScreen.storyboard in Resources */ = {isa = PBXBuildFile; fileRef = ADCD898F2101BDE000D4809A /* LaunchScreen.storyboard */; };
		ADCD89992101CB4900D4809A /* PopupVC.swift in Sources */ = {isa = PBXBuildFile; fileRef = ADCD89982101CB4900D4809A /* PopupVC.swift */; };
/* End PBXBuildFile section */

/* Begin PBXFileReference section */
		ADCD89832101BDDA00D4809A /* CustomPopupWithViewController.app */ = {isa = PBXFileReference; explicitFileType = wrapper.application; includeInIndex = 0; path = CustomPopupWithViewController.app; sourceTree = BUILT_PRODUCTS_DIR; };
		ADCD89862101BDDA00D4809A /* AppDelegate.swift */ = {isa = PBXFileReference; lastKnownFileType = sourcecode.swift; path = AppDelegate.swift; sourceTree = "<group>"; };
		ADCD89882101BDDA00D4809A /* ViewController.swift */ = {isa = PBXFileReference; lastKnownFileType = sourcecode.swift; path = ViewController.swift; sourceTree = "<group>"; };
		ADCD898B2101BDDA00D4809A /* Base */ = {isa = PBXFileReference; lastKnownFileType = file.storyboard; name = Base; path = Base.lproj/Main.storyboard; sourceTree = "<group>"; };
		ADCD898D2101BDE000D4809A /* Assets.xcassets */ = {isa = PBXFileReference; lastKnownFileType = folder.assetcatalog; path = Assets.xcassets; sourceTree = "<group>"; };
		ADCD89902101BDE000D4809A /* Base */ = {isa = PBXFileReference; lastKnownFileType = file.storyboard; name = Base; path = Base.lproj/LaunchScreen.storyboard; sourceTree = "<group>"; };
		ADCD89922101BDE000D4809A /* Info.plist */ = {isa = PBXFileReference; lastKnownFileType = text.plist.xml; path = Info.plist; sourceTree = "<group>"; };
		ADCD89982101CB4900D4809A /* PopupVC.swift */ = {isa = PBXFileReference; lastKnownFileType = sourcecode.swift; path = PopupVC.swift; sourceTree = "<group>"; };
/* End PBXFileReference section */

/* Begin PBXFrameworksBuildPhase section */
		ADCD89802101BDDA00D4809A /* Frameworks */ = {
			isa = PBXFrameworksBuildPhase;
			buildActionMask = 2147483647;
			files = (
			);
			runOnlyForDeploymentPostprocessing = 0;
		};
/* End PBXFrameworksBuildPhase section */

/* Begin PBXGroup section */
		ADCD897A2101BDDA00D4809A = {
			isa = PBXGroup;
			children = (
				ADCD89852101BDDA00D4809A /* CustomPopupWithViewController */,
				ADCD89842101BDDA00D4809A /* Products */,
			);
			sourceTree = "<group>";
		};
		ADCD89842101BDDA00D4809A /* Products */ = {
			isa = PBXGroup;
			children = (
				ADCD89832101BDDA00D4809A /* CustomPopupWithViewController.app */,
			);
			name = Products;
			sourceTree = "<group>";
		};
		ADCD89852101BDDA00D4809A /* CustomPopupWithViewController */ = {
			isa = PBXGroup;
			children = (
				ADCD89862101BDDA00D4809A /* AppDelegate.swift */,
				ADCD89882101BDDA00D4809A /* ViewController.swift */,
				ADCD898A2101BDDA00D4809A /* Main.storyboard */,
				ADCD898D2101BDE000D4809A /* Assets.xcassets */,
				ADCD898F2101BDE000D4809A /* LaunchScreen.storyboard */,
				ADCD89922101BDE000D4809A /* Info.plist */,
				ADCD89982101CB4900D4809A /* PopupVC.swift */,
			);
			path = CustomPopupWithViewController;
			sourceTree = "<group>";
		};
/* End PBXGroup section */

/* Begin PBXNativeTarget section */
		ADCD89822101BDDA00D4809A /* CustomPopupWithViewController */ = {
			isa = PBXNativeTarget;
			buildConfigurationList = ADCD89952101BDE000D4809A /* Build configuration list for PBXNativeTarget "CustomPopupWithViewController" */;
			buildPhases = (
				ADCD897F2101BDDA00D4809A /* Sources */,
				ADCD89802101BDDA00D4809A /* Frameworks */,
				ADCD89812101BDDA00D4809A /* Resources */,
			);
			buildRules = (
			);
			dependencies = (
			);
			name = CustomPopupWithViewController;
			productName = CustomPopupWithViewController;
			productReference = ADCD89832101BDDA00D4809A /* CustomPopupWithViewController.app */;
			productType = "com.apple.product-type.application";
		};
/* End PBXNativeTarget section */

/* Begin PBXProject section */
		ADCD897B2101BDDA00D4809A /* Project object */ = {
			isa = PBXProject;
			attributes = {
				LastSwiftUpdateCheck = 0940;
				LastUpgradeCheck = 0940;
				ORGANIZATIONNAME = "Sudhanshu Sudhanshu";
				TargetAttributes = {
					ADCD89822101BDDA00D4809A = {
						CreatedOnToolsVersion = 9.4.1;
					};
				};
			};
			buildConfigurationList = ADCD897E2101BDDA00D4809A /* Build configuration list for PBXProject "CustomPopupWithViewController" */;
			compatibilityVersion = "Xcode 9.3";
			developmentRegion = en;
			hasScannedForEncodings = 0;
			knownRegions = (
				en,
				Base,
			);
			mainGroup = ADCD897A2101BDDA00D4809A;
			productRefGroup = ADCD89842101BDDA00D4809A /* Products */;
			projectDirPath = "";
			projectRoot = "";
			targets = (
				ADCD89822101BDDA00D4809A /* CustomPopupWithViewController */,
			);
		};
/* End PBXProject section */

/* Begin PBXResourcesBuildPhase section */
		ADCD89812101BDDA00D4809A /* Resources */ = {
			isa = PBXResourcesBuildPhase;
			buildActionMask = 2147483647;
			files = (
				ADCD89912101BDE000D4809A /* LaunchScreen.storyboard in Resources */,
				ADCD898E2101BDE000D4809A /* Assets.xcassets in Resources */,
				ADCD898C2101BDDA00D4809A /* Main.storyboard in Resources */,
			);
			runOnlyForDeploymentPostprocessing = 0;
		};
/* End PBXResourcesBuildPhase section */

/* Begin PBXSourcesBuildPhase section */
		ADCD897F2101BDDA00D4809A /* Sources */ = {
			isa = PBXSourcesBuildPhase;
			buildActionMask = 2147483647;
			files = (
				ADCD89992101CB4900D4809A /* PopupVC.swift in Sources */,
				ADCD89892101BDDA00D4809A /* ViewController.swift in Sources */,
				ADCD89872101BDDA00D4809A /* AppDelegate.swift in Sources */,
			);
			runOnlyForDeploymentPostprocessing = 0;
		};
/* End PBXSourcesBuildPhase section */

/* Begin PBXVariantGroup section */
		ADCD898A2101BDDA00D4809A /* Main.storyboard */ = {
			isa = PBXVariantGroup;
			children = (
				ADCD898B2101BDDA00D4809A /* Base */,
			);
			name = Main.storyboard;
			sourceTree = "<group>";
		};
		ADCD898F2101BDE000D4809A /* LaunchScreen.storyboard */ = {
			isa = PBXVariantGroup;
			children = (
				ADCD89902101BDE000D4809A /* Base */,
			);
			name = LaunchScreen.storyboard;
			sourceTree = "<group>";
		};
/* End PBXVariantGroup section */

/* Begin XCBuildConfiguration section */
		ADCD89932101BDE000D4809A /* Debug */ = {
			isa = XCBuildConfiguration;
			buildSettings = {
				ALWAYS_SEARCH_USER_PATHS = NO;
				CLANG_ANALYZER_NONNULL = YES;
				CLANG_ANALYZER_NUMBER_OBJECT_CONVERSION = YES_AGGRESSIVE;
				CLANG_CXX_LANGUAGE_STANDARD = "gnu++14";
				CLANG_CXX_LIBRARY = "libc++";
				CLANG_ENABLE_MODULES = YES;
				CLANG_ENABLE_OBJC_ARC = YES;
				CLANG_ENABLE_OBJC_WEAK = YES;
				CLANG_WARN_BLOCK_CAPTURE_AUTORELEASING = YES;
				CLANG_WARN_BOOL_CONVERSION = YES;
				CLANG_WARN_COMMA = YES;
				CLANG_WARN_CONSTANT_CONVERSION = YES;
				CLANG_WARN_DEPRECATED_OBJC_IMPLEMENTATIONS = YES;
				CLANG_WARN_DIRECT_OBJC_ISA_USAGE = YES_ERROR;
				CLANG_WARN_DOCUMENTATION_COMMENTS = YES;
				CLANG_WARN_EMPTY_BODY = YES;
				CLANG_WARN_ENUM_CONVERSION = YES;
				CLANG_WARN_INFINITE_RECURSION = YES;
				CLANG_WARN_INT_CONVERSION = YES;
				CLANG_WARN_NON_LITERAL_NULL_CONVERSION = YES;
				CLANG_WARN_OBJC_IMPLICIT_RETAIN_SELF = YES;
				CLANG_WARN_OBJC_LITERAL_CONVERSION = YES;
				CLANG_WARN_OBJC_ROOT_CLASS = YES_ERROR;
				CLANG_WARN_RANGE_LOOP_ANALYSIS = YES;
				CLANG_WARN_STRICT_PROTOTYPES = YES;
				CLANG_WARN_SUSPICIOUS_MOVE = YES;
				CLANG_WARN_UNGUARDED_AVAILABILITY = YES_AGGRESSIVE;
				CLANG_WARN_UNREACHABLE_CODE = YES;
				CLANG_WARN__DUPLICATE_METHOD_MATCH = YES;
				CODE_SIGN_IDENTITY = "iPhone Developer";
				COPY_PHASE_STRIP = NO;
				DEBUG_INFORMATION_FORMAT = dwarf;
				ENABLE_STRICT_OBJC_MSGSEND = YES;
				ENABLE_TESTABILITY = YES;
				GCC_C_LANGUAGE_STANDARD = gnu11;
				GCC_DYNAMIC_NO_PIC = NO;
				GCC_NO_COMMON_BLOCKS = YES;
				GCC_OPTIMIZATION_LEVEL = 0;
				GCC_PREPROCESSOR_DEFINITIONS = (
					"DEBUG=1",
					"$(inherited)",
				);
				GCC_WARN_64_TO_32_BIT_CONVERSION = YES;
				GCC_WARN_ABOUT_RETURN_TYPE = YES_ERROR;
				GCC_WARN_UNDECLARED_SELECTOR = YES;
				GCC_WARN_UNINITIALIZED_AUTOS = YES_AGGRESSIVE;
				GCC_WARN_UNUSED_FUNCTION = YES;
				GCC_WARN_UNUSED_VARIABLE = YES;
				IPHONEOS_DEPLOYMENT_TARGET = 11.4;
				MTL_ENABLE_DEBUG_INFO = YES;
				ONLY_ACTIVE_ARCH = YES;
				SDKROOT = iphoneos;
				SWIFT_ACTIVE_COMPILATION_CONDITIONS = DEBUG;
				SWIFT_OPTIMIZATION_LEVEL = "-Onone";
			};
			name = Debug;
		};
		ADCD89942101BDE000D4809A /* Release */ = {
			isa = XCBuildConfiguration;
			buildSettings = {
				ALWAYS_SEARCH_USER_PATHS = NO;
				CLANG_ANALYZER_NONNULL = YES;
				CLANG_ANALYZER_NUMBER_OBJECT_CONVERSION = YES_AGGRESSIVE;
				CLANG_CXX_LANGUAGE_STANDARD = "gnu++14";
				CLANG_CXX_LIBRARY = "libc++";
				CLANG_ENABLE_MODULES = YES;
				CLANG_ENABLE_OBJC_ARC = YES;
				CLANG_ENABLE_OBJC_WEAK = YES;
				CLANG_WARN_BLOCK_CAPTURE_AUTORELEASING = YES;
				CLANG_WARN_BOOL_CONVERSION = YES;
				CLANG_WARN_COMMA = YES;
				CLANG_WARN_CONSTANT_CONVERSION = YES;
				CLANG_WARN_DEPRECATED_OBJC_IMPLEMENTATIONS = YES;
				CLANG_WARN_DIRECT_OBJC_ISA_USAGE = YES_ERROR;
				CLANG_WARN_DOCUMENTATION_COMMENTS = YES;
				CLANG_WARN_EMPTY_BODY = YES;
				CLANG_WARN_ENUM_CONVERSION = YES;
				CLANG_WARN_INFINITE_RECURSION = YES;
				CLANG_WARN_INT_CONVERSION = YES;
				CLANG_WARN_NON_LITERAL_NULL_CONVERSION = YES;
				CLANG_WARN_OBJC_IMPLICIT_RETAIN_SELF = YES;
				CLANG_WARN_OBJC_LITERAL_CONVERSION = YES;
				CLANG_WARN_OBJC_ROOT_CLASS = YES_ERROR;
				CLANG_WARN_RANGE_LOOP_ANALYSIS = YES;
				CLANG_WARN_STRICT_PROTOTYPES = YES;
				CLANG_WARN_SUSPICIOUS_MOVE = YES;
				CLANG_WARN_UNGUARDED_AVAILABILITY = YES_AGGRESSIVE;
				CLANG_WARN_UNREACHABLE_CODE = YES;
				CLANG_WARN__DUPLICATE_METHOD_MATCH = YES;
				CODE_SIGN_IDENTITY = "iPhone Developer";
				COPY_PHASE_STRIP = NO;
				DEBUG_INFORMATION_FORMAT = "dwarf-with-dsym";
				ENABLE_NS_ASSERTIONS = NO;
				ENABLE_STRICT_OBJC_MSGSEND = YES;
				GCC_C_LANGUAGE_STANDARD = gnu11;
				GCC_NO_COMMON_BLOCKS = YES;
				GCC_WARN_64_TO_32_BIT_CONVERSION = YES;
				GCC_WARN_ABOUT_RETURN_TYPE = YES_ERROR;
				GCC_WARN_UNDECLARED_SELECTOR = YES;
				GCC_WARN_UNINITIALIZED_AUTOS = YES_AGGRESSIVE;
				GCC_WARN_UNUSED_FUNCTION = YES;
				GCC_WARN_UNUSED_VARIABLE = YES;
				IPHONEOS_DEPLOYMENT_TARGET = 11.4;
				MTL_ENABLE_DEBUG_INFO = NO;
				SDKROOT = iphoneos;
				SWIFT_COMPILATION_MODE = wholemodule;
				SWIFT_OPTIMIZATION_LEVEL = "-O";
				VALIDATE_PRODUCT = YES;
			};
			name = Release;
		};
		ADCD89962101BDE000D4809A /* Debug */ = {
			isa = XCBuildConfiguration;
			buildSettings = {
				ASSETCATALOG_COMPILER_APPICON_NAME = AppIcon;
				CODE_SIGN_STYLE = Automatic;
				DEVELOPMENT_TEAM = QHEPWB64JP;
				INFOPLIST_FILE = CustomPopupWithViewController/Info.plist;
				LD_RUNPATH_SEARCH_PATHS = (
					"$(inherited)",
					"@executable_path/Frameworks",
				);
				PRODUCT_BUNDLE_IDENTIFIER = com.sud.CustomPopupWithViewController;
				PRODUCT_NAME = "$(TARGET_NAME)";
				SWIFT_VERSION = 4.0;
				TARGETED_DEVICE_FAMILY = "1,2";
			};
			name = Debug;
		};
		ADCD89972101BDE000D4809A /* Release */ = {
			isa = XCBuildConfiguration;
			buildSettings = {
				ASSETCATALOG_COMPILER_APPICON_NAME = AppIcon;
				CODE_SIGN_STYLE = Automatic;
				DEVELOPMENT_TEAM = QHEPWB64JP;
				INFOPLIST_FILE = CustomPopupWithViewController/Info.plist;
				LD_RUNPATH_SEARCH_PATHS = (
					"$(inherited)",
					"@executable_path/Frameworks",
				);
				PRODUCT_BUNDLE_IDENTIFIER = com.sud.CustomPopupWithViewController;
				PRODUCT_NAME = "$(TARGET_NAME)";
				SWIFT_VERSION = 4.0;
				TARGETED_DEVICE_FAMILY = "1,2";
			};
			name = Release;
		};
/* End XCBuildConfiguration section */

/* Begin XCConfigurationList section */
		ADCD897E2101BDDA00D4809A /* Build configuration list for PBXProject "CustomPopupWithViewController" */ = {
			isa = XCConfigurationList;
			buildConfigurations = (
				ADCD89932101BDE000D4809A /* Debug */,
				ADCD89942101BDE000D4809A /* Release */,
			);
			defaultConfigurationIsVisible = 0;
			defaultConfigurationName = Release;
		};
		ADCD89952101BDE000D4809A /* Build configuration list for PBXNativeTarget "CustomPopupWithViewController" */ = {
			isa = XCConfigurationList;
			buildConfigurations = (
				ADCD89962101BDE000D4809A /* Debug */,
				ADCD89972101BDE000D4809A /* Release */,
			);
			defaultConfigurationIsVisible = 0;
			defaultConfigurationName = Release;
		};
/* End XCConfigurationList section */
	};
	rootObject = ADCD897B2101BDDA00D4809A /* Project object */;
}
